
Microsoft Visual Studio Solution File, Format Version 12.00
# Visual Studio 15
VisualStudioVersion = 15.0.27703.2000
MinimumVisualStudioVersion = 10.0.40219.1
Project("{FAE04EC0-301F-11D3-BF4B-00C04F79EFBC}") = "JDekCore", "JDekCore\JDekCore.csproj", "{227BD75C-26B1-4074-8BC2-E366D79378DE}"
EndProject
Global
	GlobalSection(SolutionConfigurationPlatforms) = preSolution
		Debug|Any CPU = Debug|Any CPU
		Release|Any CPU = Release|Any CPU
	EndGlobalSection
	GlobalSection(ProjectConfigurationPlatforms) = postSolution
		{227BD75C-26B1-4074-8BC2-E366D79378DE}.Debug|Any CPU.ActiveCfg = Debug|Any CPU
		{227BD75C-26B1-4074-8BC2-E366D79378DE}.Debug|Any CPU.Build.0 = Debug|Any CPU
		{227BD75C-26B1-4074-8BC2-E366D79378DE}.Release|Any CPU.ActiveCfg = Release|Any CPU
		{227BD75C-26B1-4074-8BC2-E366D79378DE}.Release|Any CPU.Build.0 = Release|Any CPU
	EndGlobalSection
	GlobalSection(SolutionProperties) = preSolution
		HideSolutionNode = FALSE
	EndGlobalSection
	GlobalSection(ExtensibilityGlobals) = postSolution
		SolutionGuid = {BA2FEE92-CF62-43FD-8403-851DA4D64893}
	EndGlobalSection
EndGlobal
